// !$*UTF8*$!
{
	archiveVersion = 1;
	classes = {
	};
	objectVersion = 46;
	objects = {

/* Begin PBXBuildFile section */
		98F139C11D9B807000BB1926 /* fileio.c in Sources */ = {isa = PBXBuildFile; fileRef = 98F139BF1D9B807000BB1926 /* fileio.c */; };
		98F139C51D9B854B00BB1926 /* filecast.c in Sources */ = {isa = PBXBuildFile; fileRef = 98F139C31D9B854B00BB1926 /* filecast.c */; };
		98F139C81D9B8C7800BB1926 /* network.c in Sources */ = {isa = PBXBuildFile; fileRef = 98F139C61D9B8C7800BB1926 /* network.c */; };
		CACE21EE1D9A26D800B9CD7F /* main.c in Sources */ = {isa = PBXBuildFile; fileRef = CACE21ED1D9A26D800B9CD7F /* main.c */; };
/* End PBXBuildFile section */

/* Begin PBXCopyFilesBuildPhase section */
		CACE21E81D9A26D800B9CD7F /* CopyFiles */ = {
			isa = PBXCopyFilesBuildPhase;
			buildActionMask = 2147483647;
			dstPath = /usr/share/man/man1/;
			dstSubfolderSpec = 0;
			files = (
			);
			runOnlyForDeploymentPostprocessing = 1;
		};
/* End PBXCopyFilesBuildPhase section */

/* Begin PBXFileReference section */
		98F139BF1D9B807000BB1926 /* fileio.c */ = {isa = PBXFileReference; fileEncoding = 4; lastKnownFileType = sourcecode.c.c; path = fileio.c; sourceTree = "<group>"; };
		98F139C01D9B807000BB1926 /* fileio.h */ = {isa = PBXFileReference; fileEncoding = 4; lastKnownFileType = sourcecode.c.h; path = fileio.h; sourceTree = "<group>"; };
		98F139C21D9B83CD00BB1926 /* main.h */ = {isa = PBXFileReference; lastKnownFileType = sourcecode.c.h; path = main.h; sourceTree = "<group>"; };
		98F139C31D9B854B00BB1926 /* filecast.c */ = {isa = PBXFileReference; fileEncoding = 4; lastKnownFileType = sourcecode.c.c; path = filecast.c; sourceTree = "<group>"; };
		98F139C41D9B854B00BB1926 /* filecast.h */ = {isa = PBXFileReference; fileEncoding = 4; lastKnownFileType = sourcecode.c.h; path = filecast.h; sourceTree = "<group>"; };
		98F139C61D9B8C7800BB1926 /* network.c */ = {isa = PBXFileReference; fileEncoding = 4; lastKnownFileType = sourcecode.c.c; path = network.c; sourceTree = "<group>"; };
		98F139C71D9B8C7800BB1926 /* network.h */ = {isa = PBXFileReference; fileEncoding = 4; lastKnownFileType = sourcecode.c.h; path = network.h; sourceTree = "<group>"; };
		CACE21EA1D9A26D800B9CD7F /* mnist */ = {isa = PBXFileReference; explicitFileType = "compiled.mach-o.executable"; includeInIndex = 0; path = mnist; sourceTree = BUILT_PRODUCTS_DIR; };
		CACE21ED1D9A26D800B9CD7F /* main.c */ = {isa = PBXFileReference; lastKnownFileType = sourcecode.c.c; name = main.c; path = mnist/main.c; sourceTree = SOURCE_ROOT; };
/* End PBXFileReference section */

/* Begin PBXFrameworksBuildPhase section */
		CACE21E71D9A26D800B9CD7F /* Frameworks */ = {
			isa = PBXFrameworksBuildPhase;
			buildActionMask = 2147483647;
			files = (
			);
			runOnlyForDeploymentPostprocessing = 0;
		};
/* End PBXFrameworksBuildPhase section */

/* Begin PBXGroup section */
		CACE21E11D9A26D800B9CD7F = {
			isa = PBXGroup;
			children = (
				CACE21EC1D9A26D800B9CD7F /* mnist */,
				CACE21EB1D9A26D800B9CD7F /* Products */,
			);
			sourceTree = "<group>";
		};
		CACE21EB1D9A26D800B9CD7F /* Products */ = {
			isa = PBXGroup;
			children = (
				CACE21EA1D9A26D800B9CD7F /* mnist */,
			);
			name = Products;
			sourceTree = "<group>";
		};
		CACE21EC1D9A26D800B9CD7F /* mnist */ = {
			isa = PBXGroup;
			children = (
				CACE21ED1D9A26D800B9CD7F /* main.c */,
				98F139C21D9B83CD00BB1926 /* main.h */,
				98F139C61D9B8C7800BB1926 /* network.c */,
				98F139C71D9B8C7800BB1926 /* network.h */,
				98F139C31D9B854B00BB1926 /* filecast.c */,
				98F139C41D9B854B00BB1926 /* filecast.h */,
				98F139BF1D9B807000BB1926 /* fileio.c */,
				98F139C01D9B807000BB1926 /* fileio.h */,
			);
			path = mnist;
			sourceTree = "<group>";
		};
/* End PBXGroup section */

/* Begin PBXNativeTarget section */
		CACE21E91D9A26D800B9CD7F /* mnist */ = {
			isa = PBXNativeTarget;
			buildConfigurationList = CACE21F11D9A26D800B9CD7F /* Build configuration list for PBXNativeTarget "mnist" */;
			buildPhases = (
				CACE21E61D9A26D800B9CD7F /* Sources */,
				CACE21E71D9A26D800B9CD7F /* Frameworks */,
				CACE21E81D9A26D800B9CD7F /* CopyFiles */,
			);
			buildRules = (
			);
			dependencies = (
			);
			name = mnist;
			productName = mnist;
			productReference = CACE21EA1D9A26D800B9CD7F /* mnist */;
			productType = "com.apple.product-type.tool";
		};
/* End PBXNativeTarget section */

/* Begin PBXProject section */
		CACE21E21D9A26D800B9CD7F /* Project object */ = {
			isa = PBXProject;
			attributes = {
				LastUpgradeCheck = 0720;
				ORGANIZATIONNAME = TU;
				TargetAttributes = {
					CACE21E91D9A26D800B9CD7F = {
						CreatedOnToolsVersion = 7.2;
					};
				};
			};
			buildConfigurationList = CACE21E51D9A26D800B9CD7F /* Build configuration list for PBXProject "mnist" */;
			compatibilityVersion = "Xcode 3.2";
			developmentRegion = English;
			hasScannedForEncodings = 0;
			knownRegions = (
				en,
			);
			mainGroup = CACE21E11D9A26D800B9CD7F;
			productRefGroup = CACE21EB1D9A26D800B9CD7F /* Products */;
			projectDirPath = "";
			projectRoot = "";
			targets = (
				CACE21E91D9A26D800B9CD7F /* mnist */,
			);
		};
/* End PBXProject section */

/* Begin PBXSourcesBuildPhase section */
		CACE21E61D9A26D800B9CD7F /* Sources */ = {
			isa = PBXSourcesBuildPhase;
			buildActionMask = 2147483647;
			files = (
				98F139C81D9B8C7800BB1926 /* network.c in Sources */,
				98F139C51D9B854B00BB1926 /* filecast.c in Sources */,
				CACE21EE1D9A26D800B9CD7F /* main.c in Sources */,
				98F139C11D9B807000BB1926 /* fileio.c in Sources */,
			);
			runOnlyForDeploymentPostprocessing = 0;
		};
/* End PBXSourcesBuildPhase section */

/* Begin XCBuildConfiguration section */
		CACE21EF1D9A26D800B9CD7F /* Debug */ = {
			isa = XCBuildConfiguration;
			buildSettings = {
				ALWAYS_SEARCH_USER_PATHS = NO;
				CLANG_CXX_LANGUAGE_STANDARD = "gnu++0x";
				CLANG_CXX_LIBRARY = "libc++";
				CLANG_ENABLE_MODULES = YES;
				CLANG_ENABLE_OBJC_ARC = YES;
				CLANG_WARN_BOOL_CONVERSION = YES;
				CLANG_WARN_CONSTANT_CONVERSION = YES;
				CLANG_WARN_DIRECT_OBJC_ISA_USAGE = YES_ERROR;
				CLANG_WARN_EMPTY_BODY = YES;
				CLANG_WARN_ENUM_CONVERSION = YES;
				CLANG_WARN_INT_CONVERSION = YES;
				CLANG_WARN_OBJC_ROOT_CLASS = YES_ERROR;
				CLANG_WARN_UNREACHABLE_CODE = YES;
				CLANG_WARN__DUPLICATE_METHOD_MATCH = YES;
				CODE_SIGN_IDENTITY = "-";
				COPY_PHASE_STRIP = NO;
				DEBUG_INFORMATION_FORMAT = dwarf;
				ENABLE_STRICT_OBJC_MSGSEND = YES;
				ENABLE_TESTABILITY = YES;
				GCC_C_LANGUAGE_STANDARD = gnu99;
				GCC_DYNAMIC_NO_PIC = NO;
				GCC_NO_COMMON_BLOCKS = YES;
				GCC_OPTIMIZATION_LEVEL = 0;
				GCC_PREPROCESSOR_DEFINITIONS = (
					"DEBUG=1",
					"$(inherited)",
				);
				GCC_WARN_64_TO_32_BIT_CONVERSION = YES;
				GCC_WARN_ABOUT_RETURN_TYPE = YES_ERROR;
				GCC_WARN_UNDECLARED_SELECTOR = YES;
				GCC_WARN_UNINITIALIZED_AUTOS = YES_AGGRESSIVE;
				GCC_WARN_UNUSED_FUNCTION = YES;
				GCC_WARN_UNUSED_VARIABLE = YES;
				MACOSX_DEPLOYMENT_TARGET = 10.10;
				MTL_ENABLE_DEBUG_INFO = YES;
				ONLY_ACTIVE_ARCH = YES;
				SDKROOT = macosx;
			};
			name = Debug;
		};
		CACE21F01D9A26D800B9CD7F /* Release */ = {
			isa = XCBuildConfiguration;
			buildSettings = {
				ALWAYS_SEARCH_USER_PATHS = NO;
				CLANG_CXX_LANGUAGE_STANDARD = "gnu++0x";
				CLANG_CXX_LIBRARY = "libc++";
				CLANG_ENABLE_MODULES = YES;
				CLANG_ENABLE_OBJC_ARC = YES;
				CLANG_WARN_BOOL_CONVERSION = YES;
				CLANG_WARN_CONSTANT_CONVERSION = YES;
				CLANG_WARN_DIRECT_OBJC_ISA_USAGE = YES_ERROR;
				CLANG_WARN_EMPTY_BODY = YES;
				CLANG_WARN_ENUM_CONVERSION = YES;
				CLANG_WARN_INT_CONVERSION = YES;
				CLANG_WARN_OBJC_ROOT_CLASS = YES_ERROR;
				CLANG_WARN_UNREACHABLE_CODE = YES;
				CLANG_WARN__DUPLICATE_METHOD_MATCH = YES;
				CODE_SIGN_IDENTITY = "-";
				COPY_PHASE_STRIP = NO;
				DEBUG_INFORMATION_FORMAT = "dwarf-with-dsym";
				ENABLE_NS_ASSERTIONS = NO;
				ENABLE_STRICT_OBJC_MSGSEND = YES;
				GCC_C_LANGUAGE_STANDARD = gnu99;
				GCC_NO_COMMON_BLOCKS = YES;
				GCC_WARN_64_TO_32_BIT_CONVERSION = YES;
				GCC_WARN_ABOUT_RETURN_TYPE = YES_ERROR;
				GCC_WARN_UNDECLARED_SELECTOR = YES;
				GCC_WARN_UNINITIALIZED_AUTOS = YES_AGGRESSIVE;
				GCC_WARN_UNUSED_FUNCTION = YES;
				GCC_WARN_UNUSED_VARIABLE = YES;
				MACOSX_DEPLOYMENT_TARGET = 10.10;
				MTL_ENABLE_DEBUG_INFO = NO;
				SDKROOT = macosx;
			};
			name = Release;
		};
		CACE21F21D9A26D800B9CD7F /* Debug */ = {
			isa = XCBuildConfiguration;
			buildSettings = {
				PRODUCT_NAME = "$(TARGET_NAME)";
			};
			name = Debug;
		};
		CACE21F31D9A26D800B9CD7F /* Release */ = {
			isa = XCBuildConfiguration;
			buildSettings = {
				PRODUCT_NAME = "$(TARGET_NAME)";
			};
			name = Release;
		};
/* End XCBuildConfiguration section */

/* Begin XCConfigurationList section */
		CACE21E51D9A26D800B9CD7F /* Build configuration list for PBXProject "mnist" */ = {
			isa = XCConfigurationList;
			buildConfigurations = (
				CACE21EF1D9A26D800B9CD7F /* Debug */,
				CACE21F01D9A26D800B9CD7F /* Release */,
			);
			defaultConfigurationIsVisible = 0;
			defaultConfigurationName = Release;
		};
		CACE21F11D9A26D800B9CD7F /* Build configuration list for PBXNativeTarget "mnist" */ = {
			isa = XCConfigurationList;
			buildConfigurations = (
				CACE21F21D9A26D800B9CD7F /* Debug */,
				CACE21F31D9A26D800B9CD7F /* Release */,
			);
			defaultConfigurationIsVisible = 0;
			defaultConfigurationName = Release;
		};
/* End XCConfigurationList section */
	};
	rootObject = CACE21E21D9A26D800B9CD7F /* Project object */;
}
